
Microsoft Visual Studio Solution File, Format Version 12.00
# Visual Studio Version 17
VisualStudioVersion = 17.13.35825.156 d17.13
MinimumVisualStudioVersion = 10.0.40219.1
Project("{FAE04EC0-301F-11D3-BF4B-00C04F79EFBC}") = "DesignPattern", "DesignPattern\DesignPattern.csproj", "{C8EC65B3-0129-41F9-8829-83773B305757}"
EndProject
Project("{FAE04EC0-301F-11D3-BF4B-00C04F79EFBC}") = "DesignPatternsAsp", "DesignPatternsAsp\DesignPatternsAsp.csproj", "{DFA0D482-74E3-4CFB-943D-2DF2369F207E}"
EndProject
Project("{FAE04EC0-301F-11D3-BF4B-00C04F79EFBC}") = "Tools", "Tools\Tools.csproj", "{1D6A8AB0-D94F-4856-98CD-CF4DCAD0E377}"
EndProject
Global
	GlobalSection(SolutionConfigurationPlatforms) = preSolution
		Debug|Any CPU = Debug|Any CPU
		Release|Any CPU = Release|Any CPU
	EndGlobalSection
	GlobalSection(ProjectConfigurationPlatforms) = postSolution
		{C8EC65B3-0129-41F9-8829-83773B305757}.Debug|Any CPU.ActiveCfg = Debug|Any CPU
		{C8EC65B3-0129-41F9-8829-83773B305757}.Debug|Any CPU.Build.0 = Debug|Any CPU
		{C8EC65B3-0129-41F9-8829-83773B305757}.Release|Any CPU.ActiveCfg = Release|Any CPU
		{C8EC65B3-0129-41F9-8829-83773B305757}.Release|Any CPU.Build.0 = Release|Any CPU
		{DFA0D482-74E3-4CFB-943D-2DF2369F207E}.Debug|Any CPU.ActiveCfg = Debug|Any CPU
		{DFA0D482-74E3-4CFB-943D-2DF2369F207E}.Debug|Any CPU.Build.0 = Debug|Any CPU
		{DFA0D482-74E3-4CFB-943D-2DF2369F207E}.Release|Any CPU.ActiveCfg = Release|Any CPU
		{DFA0D482-74E3-4CFB-943D-2DF2369F207E}.Release|Any CPU.Build.0 = Release|Any CPU
		{1D6A8AB0-D94F-4856-98CD-CF4DCAD0E377}.Debug|Any CPU.ActiveCfg = Debug|Any CPU
		{1D6A8AB0-D94F-4856-98CD-CF4DCAD0E377}.Debug|Any CPU.Build.0 = Debug|Any CPU
		{1D6A8AB0-D94F-4856-98CD-CF4DCAD0E377}.Release|Any CPU.ActiveCfg = Release|Any CPU
		{1D6A8AB0-D94F-4856-98CD-CF4DCAD0E377}.Release|Any CPU.Build.0 = Release|Any CPU
	EndGlobalSection
	GlobalSection(SolutionProperties) = preSolution
		HideSolutionNode = FALSE
	EndGlobalSection
	GlobalSection(ExtensibilityGlobals) = postSolution
		SolutionGuid = {F3E80277-FF70-4C22-B427-012EDE95035F}
	EndGlobalSection
EndGlobal
